
Microsoft Visual Studio Solution File, Format Version 12.00
# Visual Studio Version 16
VisualStudioVersion = 16.0.32802.440
MinimumVisualStudioVersion = 10.0.40219.1
Project("{FAE04EC0-301F-11D3-BF4B-00C04F79EFBC}") = "FibonacciOrtalama", "FibonacciOrtalama\FibonacciOrtalama.csproj", "{1174A5FA-2173-4DD4-A95B-38BE5C4C15A9}"
EndProject
Project("{FAE04EC0-301F-11D3-BF4B-00C04F79EFBC}") = "UcgenCiz", "UcgenCiz\UcgenCiz.csproj", "{8BD712DA-152A-445C-B4F5-A9F0524CBDD7}"
EndProject
Project("{FAE04EC0-301F-11D3-BF4B-00C04F79EFBC}") = "DaireCiz", "DaireCiz\DaireCiz.csproj", "{12138880-F9C7-46FF-A280-3024274120AA}"
EndProject
Project("{FAE04EC0-301F-11D3-BF4B-00C04F79EFBC}") = "Algoritma", "Algoritma\Algoritma.csproj", "{0EDA2A82-2C5B-4FC7-A4E1-4CF702822980}"
EndProject
Project("{FAE04EC0-301F-11D3-BF4B-00C04F79EFBC}") = "Algoritma2", "Algoritma2\Algoritma2.csproj", "{CDCA647B-DB8F-4182-95A9-AAEB55875504}"
EndProject
Project("{FAE04EC0-301F-11D3-BF4B-00C04F79EFBC}") = "AlanHesaplama", "AlanHesaplama\AlanHesaplama.csproj", "{1457D520-3499-4D91-83D8-B2C384B26D21}"
EndProject
Project("{FAE04EC0-301F-11D3-BF4B-00C04F79EFBC}") = "IntegerIkılıToplam", "IntegerIkılıToplam\IntegerIkılıToplam.csproj", "{58BD6D48-6B20-4E71-954D-4C1CE4E2754E}"
EndProject
Project("{FAE04EC0-301F-11D3-BF4B-00C04F79EFBC}") = "MutlakKareAlma", "MutlakKareAlma\MutlakKareAlma.csproj", "{BDEE8CB7-C118-4141-BB4A-C142A50772F1}"
EndProject
Project("{FAE04EC0-301F-11D3-BF4B-00C04F79EFBC}") = "KarakterDegistirme", "KarakterDegistirme\KarakterDegistirme.csproj", "{DBF2878A-C9AF-4710-AF1D-43BED21D1D6A}"
EndProject
Project("{FAE04EC0-301F-11D3-BF4B-00C04F79EFBC}") = "SessizHarf", "SessizHarf\SessizHarf.csproj", "{A7D0944D-A99C-46C6-A8CC-AD501E6AC1F1}"
EndProject
Project("{FAE04EC0-301F-11D3-BF4B-00C04F79EFBC}") = "VotingUygulamasi", "VotingUygulamasi\VotingUygulamasi.csproj", "{B18C9318-3612-4C3D-BFF7-652AFCF7B694}"
EndProject
Global
	GlobalSection(SolutionConfigurationPlatforms) = preSolution
		Debug|Any CPU = Debug|Any CPU
		Release|Any CPU = Release|Any CPU
	EndGlobalSection
	GlobalSection(ProjectConfigurationPlatforms) = postSolution
		{1174A5FA-2173-4DD4-A95B-38BE5C4C15A9}.Debug|Any CPU.ActiveCfg = Debug|Any CPU
		{1174A5FA-2173-4DD4-A95B-38BE5C4C15A9}.Debug|Any CPU.Build.0 = Debug|Any CPU
		{1174A5FA-2173-4DD4-A95B-38BE5C4C15A9}.Release|Any CPU.ActiveCfg = Release|Any CPU
		{1174A5FA-2173-4DD4-A95B-38BE5C4C15A9}.Release|Any CPU.Build.0 = Release|Any CPU
		{8BD712DA-152A-445C-B4F5-A9F0524CBDD7}.Debug|Any CPU.ActiveCfg = Debug|Any CPU
		{8BD712DA-152A-445C-B4F5-A9F0524CBDD7}.Debug|Any CPU.Build.0 = Debug|Any CPU
		{8BD712DA-152A-445C-B4F5-A9F0524CBDD7}.Release|Any CPU.ActiveCfg = Release|Any CPU
		{8BD712DA-152A-445C-B4F5-A9F0524CBDD7}.Release|Any CPU.Build.0 = Release|Any CPU
		{12138880-F9C7-46FF-A280-3024274120AA}.Debug|Any CPU.ActiveCfg = Debug|Any CPU
		{12138880-F9C7-46FF-A280-3024274120AA}.Debug|Any CPU.Build.0 = Debug|Any CPU
		{12138880-F9C7-46FF-A280-3024274120AA}.Release|Any CPU.ActiveCfg = Release|Any CPU
		{12138880-F9C7-46FF-A280-3024274120AA}.Release|Any CPU.Build.0 = Release|Any CPU
		{0EDA2A82-2C5B-4FC7-A4E1-4CF702822980}.Debug|Any CPU.ActiveCfg = Debug|Any CPU
		{0EDA2A82-2C5B-4FC7-A4E1-4CF702822980}.Debug|Any CPU.Build.0 = Debug|Any CPU
		{0EDA2A82-2C5B-4FC7-A4E1-4CF702822980}.Release|Any CPU.ActiveCfg = Release|Any CPU
		{0EDA2A82-2C5B-4FC7-A4E1-4CF702822980}.Release|Any CPU.Build.0 = Release|Any CPU
		{CDCA647B-DB8F-4182-95A9-AAEB55875504}.Debug|Any CPU.ActiveCfg = Debug|Any CPU
		{CDCA647B-DB8F-4182-95A9-AAEB55875504}.Debug|Any CPU.Build.0 = Debug|Any CPU
		{CDCA647B-DB8F-4182-95A9-AAEB55875504}.Release|Any CPU.ActiveCfg = Release|Any CPU
		{CDCA647B-DB8F-4182-95A9-AAEB55875504}.Release|Any CPU.Build.0 = Release|Any CPU
		{1457D520-3499-4D91-83D8-B2C384B26D21}.Debug|Any CPU.ActiveCfg = Debug|Any CPU
		{1457D520-3499-4D91-83D8-B2C384B26D21}.Debug|Any CPU.Build.0 = Debug|Any CPU
		{1457D520-3499-4D91-83D8-B2C384B26D21}.Release|Any CPU.ActiveCfg = Release|Any CPU
		{1457D520-3499-4D91-83D8-B2C384B26D21}.Release|Any CPU.Build.0 = Release|Any CPU
		{58BD6D48-6B20-4E71-954D-4C1CE4E2754E}.Debug|Any CPU.ActiveCfg = Debug|Any CPU
		{58BD6D48-6B20-4E71-954D-4C1CE4E2754E}.Debug|Any CPU.Build.0 = Debug|Any CPU
		{58BD6D48-6B20-4E71-954D-4C1CE4E2754E}.Release|Any CPU.ActiveCfg = Release|Any CPU
		{58BD6D48-6B20-4E71-954D-4C1CE4E2754E}.Release|Any CPU.Build.0 = Release|Any CPU
		{BDEE8CB7-C118-4141-BB4A-C142A50772F1}.Debug|Any CPU.ActiveCfg = Debug|Any CPU
		{BDEE8CB7-C118-4141-BB4A-C142A50772F1}.Debug|Any CPU.Build.0 = Debug|Any CPU
		{BDEE8CB7-C118-4141-BB4A-C142A50772F1}.Release|Any CPU.ActiveCfg = Release|Any CPU
		{BDEE8CB7-C118-4141-BB4A-C142A50772F1}.Release|Any CPU.Build.0 = Release|Any CPU
		{DBF2878A-C9AF-4710-AF1D-43BED21D1D6A}.Debug|Any CPU.ActiveCfg = Debug|Any CPU
		{DBF2878A-C9AF-4710-AF1D-43BED21D1D6A}.Debug|Any CPU.Build.0 = Debug|Any CPU
		{DBF2878A-C9AF-4710-AF1D-43BED21D1D6A}.Release|Any CPU.ActiveCfg = Release|Any CPU
		{DBF2878A-C9AF-4710-AF1D-43BED21D1D6A}.Release|Any CPU.Build.0 = Release|Any CPU
		{A7D0944D-A99C-46C6-A8CC-AD501E6AC1F1}.Debug|Any CPU.ActiveCfg = Debug|Any CPU
		{A7D0944D-A99C-46C6-A8CC-AD501E6AC1F1}.Debug|Any CPU.Build.0 = Debug|Any CPU
		{A7D0944D-A99C-46C6-A8CC-AD501E6AC1F1}.Release|Any CPU.ActiveCfg = Release|Any CPU
		{A7D0944D-A99C-46C6-A8CC-AD501E6AC1F1}.Release|Any CPU.Build.0 = Release|Any CPU
		{B18C9318-3612-4C3D-BFF7-652AFCF7B694}.Debug|Any CPU.ActiveCfg = Debug|Any CPU
		{B18C9318-3612-4C3D-BFF7-652AFCF7B694}.Debug|Any CPU.Build.0 = Debug|Any CPU
		{B18C9318-3612-4C3D-BFF7-652AFCF7B694}.Release|Any CPU.ActiveCfg = Release|Any CPU
		{B18C9318-3612-4C3D-BFF7-652AFCF7B694}.Release|Any CPU.Build.0 = Release|Any CPU
	EndGlobalSection
	GlobalSection(SolutionProperties) = preSolution
		HideSolutionNode = FALSE
	EndGlobalSection
	GlobalSection(ExtensibilityGlobals) = postSolution
		SolutionGuid = {F99F3BD0-E67C-4393-AB40-393838BEA9C3}
	EndGlobalSection
EndGlobal
