
Microsoft Visual Studio Solution File, Format Version 12.00
# Visual Studio Version 16
VisualStudioVersion = 16.0.32802.440
MinimumVisualStudioVersion = 10.0.40219.1
Project("{FAE04EC0-301F-11D3-BF4B-00C04F79EFBC}") = "FibonacciOrtalama", "FibonacciOrtalama\FibonacciOrtalama.csproj", "{1174A5FA-2173-4DD4-A95B-38BE5C4C15A9}"
EndProject
Project("{FAE04EC0-301F-11D3-BF4B-00C04F79EFBC}") = "UcgenCiz", "UcgenCiz\UcgenCiz.csproj", "{8BD712DA-152A-445C-B4F5-A9F0524CBDD7}"
EndProject
Global
	GlobalSection(SolutionConfigurationPlatforms) = preSolution
		Debug|Any CPU = Debug|Any CPU
		Release|Any CPU = Release|Any CPU
	EndGlobalSection
	GlobalSection(ProjectConfigurationPlatforms) = postSolution
		{1174A5FA-2173-4DD4-A95B-38BE5C4C15A9}.Debug|Any CPU.ActiveCfg = Debug|Any CPU
		{1174A5FA-2173-4DD4-A95B-38BE5C4C15A9}.Debug|Any CPU.Build.0 = Debug|Any CPU
		{1174A5FA-2173-4DD4-A95B-38BE5C4C15A9}.Release|Any CPU.ActiveCfg = Release|Any CPU
		{1174A5FA-2173-4DD4-A95B-38BE5C4C15A9}.Release|Any CPU.Build.0 = Release|Any CPU
		{8BD712DA-152A-445C-B4F5-A9F0524CBDD7}.Debug|Any CPU.ActiveCfg = Debug|Any CPU
		{8BD712DA-152A-445C-B4F5-A9F0524CBDD7}.Debug|Any CPU.Build.0 = Debug|Any CPU
		{8BD712DA-152A-445C-B4F5-A9F0524CBDD7}.Release|Any CPU.ActiveCfg = Release|Any CPU
		{8BD712DA-152A-445C-B4F5-A9F0524CBDD7}.Release|Any CPU.Build.0 = Release|Any CPU
	EndGlobalSection
	GlobalSection(SolutionProperties) = preSolution
		HideSolutionNode = FALSE
	EndGlobalSection
	GlobalSection(ExtensibilityGlobals) = postSolution
		SolutionGuid = {F99F3BD0-E67C-4393-AB40-393838BEA9C3}
	EndGlobalSection
EndGlobal
